
Microsoft Visual Studio Solution File, Format Version 12.00
# Visual Studio Version 17
VisualStudioVersion = 17.0.31903.59
MinimumVisualStudioVersion = 10.0.40219.1
Project("{2150E333-8FDC-42A3-9474-1A3956D46DE8}") = "src", "src", "{827E0CD3-B72D-47B6-A68D-7590B98EB39B}"
EndProject
Project("{FAE04EC0-301F-11D3-BF4B-00C04F79EFBC}") = "ComunaClick.Common", "src\ComunaClick.Common\ComunaClick.Common.csproj", "{954B4DEC-C3E9-4FE3-975B-7407B9EA9825}"
EndProject
Project("{FAE04EC0-301F-11D3-BF4B-00C04F79EFBC}") = "ComunaClick.Acl", "src\ComunaClick.Acl\ComunaClick.Acl.csproj", "{31C235C3-D8AB-4544-8F7D-0625E1C08208}"
EndProject
Project("{FAE04EC0-301F-11D3-BF4B-00C04F79EFBC}") = "ComunaClick.Api", "src\ComunaClick.Api\ComunaClick.Api.csproj", "{96BA5B34-3973-4E7E-8AC5-CD14F12E1051}"
EndProject
Project("{FAE04EC0-301F-11D3-BF4B-00C04F79EFBC}") = "Payments.Common", "src\Payments.Common\Payments.Common.csproj", "{287ADE90-E330-47F4-82BC-FBFB11DE5250}"
EndProject
Project("{FAE04EC0-301F-11D3-BF4B-00C04F79EFBC}") = "ComunaClick.App", "src\ComunaClick\ComunaClick.App.csproj", "{9C2CED48-7007-4D43-9B8E-12589BC1F3F6}"
EndProject
Project("{FAE04EC0-301F-11D3-BF4B-00C04F79EFBC}") = "Payments.Gateway.Api", "src\Payments.Gateway.Api\Payments.Gateway.Api.csproj", "{EA539B86-4487-47C8-9FEF-2BD98E336162}"
EndProject
Project("{FAE04EC0-301F-11D3-BF4B-00C04F79EFBC}") = "ComunaClick.Shared", "src\ComunaClick.Shared\ComunaClick.Shared.csproj", "{79E45481-62D8-4592-BAD3-40E38AAD9C37}"
EndProject
Project("{FAE04EC0-301F-11D3-BF4B-00C04F79EFBC}") = "ComunaClick.SharedUI", "src\ComunaClick.SharedUI\ComunaClick.SharedUI.csproj", "{E13B19F6-E91A-46F5-89B3-14C313AD1995}"
EndProject
Project("{FAE04EC0-301F-11D3-BF4B-00C04F79EFBC}") = "ComunaClick.Mobile", "src\ComunaClick.Mobile\ComunaClick.Mobile.csproj", "{185E72F1-0A69-4579-8502-3A50C2DF0B04}"
EndProject
Project("{FAE04EC0-301F-11D3-BF4B-00C04F79EFBC}") = "Payments.App", "src\Payments.App\Payments.App.csproj", "{ED389674-A034-4C0D-BDD7-663F04EE8367}"
EndProject
Global
	GlobalSection(SolutionConfigurationPlatforms) = preSolution
		Debug|Any CPU = Debug|Any CPU
		Debug|x64 = Debug|x64
		Debug|x86 = Debug|x86
		Release|Any CPU = Release|Any CPU
		Release|x64 = Release|x64
		Release|x86 = Release|x86
	EndGlobalSection
	GlobalSection(ProjectConfigurationPlatforms) = postSolution
		{954B4DEC-C3E9-4FE3-975B-7407B9EA9825}.Debug|Any CPU.ActiveCfg = Debug|Any CPU
		{954B4DEC-C3E9-4FE3-975B-7407B9EA9825}.Debug|Any CPU.Build.0 = Debug|Any CPU
		{954B4DEC-C3E9-4FE3-975B-7407B9EA9825}.Debug|x64.ActiveCfg = Debug|Any CPU
		{954B4DEC-C3E9-4FE3-975B-7407B9EA9825}.Debug|x64.Build.0 = Debug|Any CPU
		{954B4DEC-C3E9-4FE3-975B-7407B9EA9825}.Debug|x86.ActiveCfg = Debug|Any CPU
		{954B4DEC-C3E9-4FE3-975B-7407B9EA9825}.Debug|x86.Build.0 = Debug|Any CPU
		{954B4DEC-C3E9-4FE3-975B-7407B9EA9825}.Release|Any CPU.ActiveCfg = Release|Any CPU
		{954B4DEC-C3E9-4FE3-975B-7407B9EA9825}.Release|Any CPU.Build.0 = Release|Any CPU
		{954B4DEC-C3E9-4FE3-975B-7407B9EA9825}.Release|x64.ActiveCfg = Release|Any CPU
		{954B4DEC-C3E9-4FE3-975B-7407B9EA9825}.Release|x64.Build.0 = Release|Any CPU
		{954B4DEC-C3E9-4FE3-975B-7407B9EA9825}.Release|x86.ActiveCfg = Release|Any CPU
		{954B4DEC-C3E9-4FE3-975B-7407B9EA9825}.Release|x86.Build.0 = Release|Any CPU
		{31C235C3-D8AB-4544-8F7D-0625E1C08208}.Debug|Any CPU.ActiveCfg = Debug|Any CPU
		{31C235C3-D8AB-4544-8F7D-0625E1C08208}.Debug|Any CPU.Build.0 = Debug|Any CPU
		{31C235C3-D8AB-4544-8F7D-0625E1C08208}.Debug|x64.ActiveCfg = Debug|Any CPU
		{31C235C3-D8AB-4544-8F7D-0625E1C08208}.Debug|x64.Build.0 = Debug|Any CPU
		{31C235C3-D8AB-4544-8F7D-0625E1C08208}.Debug|x86.ActiveCfg = Debug|Any CPU
		{31C235C3-D8AB-4544-8F7D-0625E1C08208}.Debug|x86.Build.0 = Debug|Any CPU
		{31C235C3-D8AB-4544-8F7D-0625E1C08208}.Release|Any CPU.ActiveCfg = Release|Any CPU
		{31C235C3-D8AB-4544-8F7D-0625E1C08208}.Release|Any CPU.Build.0 = Release|Any CPU
		{31C235C3-D8AB-4544-8F7D-0625E1C08208}.Release|x64.ActiveCfg = Release|Any CPU
		{31C235C3-D8AB-4544-8F7D-0625E1C08208}.Release|x64.Build.0 = Release|Any CPU
		{31C235C3-D8AB-4544-8F7D-0625E1C08208}.Release|x86.ActiveCfg = Release|Any CPU
		{31C235C3-D8AB-4544-8F7D-0625E1C08208}.Release|x86.Build.0 = Release|Any CPU
		{96BA5B34-3973-4E7E-8AC5-CD14F12E1051}.Debug|Any CPU.ActiveCfg = Debug|Any CPU
		{96BA5B34-3973-4E7E-8AC5-CD14F12E1051}.Debug|Any CPU.Build.0 = Debug|Any CPU
		{96BA5B34-3973-4E7E-8AC5-CD14F12E1051}.Debug|x64.ActiveCfg = Debug|Any CPU
		{96BA5B34-3973-4E7E-8AC5-CD14F12E1051}.Debug|x64.Build.0 = Debug|Any CPU
		{96BA5B34-3973-4E7E-8AC5-CD14F12E1051}.Debug|x86.ActiveCfg = Debug|Any CPU
		{96BA5B34-3973-4E7E-8AC5-CD14F12E1051}.Debug|x86.Build.0 = Debug|Any CPU
		{96BA5B34-3973-4E7E-8AC5-CD14F12E1051}.Release|Any CPU.ActiveCfg = Release|Any CPU
		{96BA5B34-3973-4E7E-8AC5-CD14F12E1051}.Release|Any CPU.Build.0 = Release|Any CPU
		{96BA5B34-3973-4E7E-8AC5-CD14F12E1051}.Release|x64.ActiveCfg = Release|Any CPU
		{96BA5B34-3973-4E7E-8AC5-CD14F12E1051}.Release|x64.Build.0 = Release|Any CPU
		{96BA5B34-3973-4E7E-8AC5-CD14F12E1051}.Release|x86.ActiveCfg = Release|Any CPU
		{96BA5B34-3973-4E7E-8AC5-CD14F12E1051}.Release|x86.Build.0 = Release|Any CPU
		{287ADE90-E330-47F4-82BC-FBFB11DE5250}.Debug|Any CPU.ActiveCfg = Debug|Any CPU
		{287ADE90-E330-47F4-82BC-FBFB11DE5250}.Debug|Any CPU.Build.0 = Debug|Any CPU
		{287ADE90-E330-47F4-82BC-FBFB11DE5250}.Debug|x64.ActiveCfg = Debug|Any CPU
		{287ADE90-E330-47F4-82BC-FBFB11DE5250}.Debug|x64.Build.0 = Debug|Any CPU
		{287ADE90-E330-47F4-82BC-FBFB11DE5250}.Debug|x86.ActiveCfg = Debug|Any CPU
		{287ADE90-E330-47F4-82BC-FBFB11DE5250}.Debug|x86.Build.0 = Debug|Any CPU
		{287ADE90-E330-47F4-82BC-FBFB11DE5250}.Release|Any CPU.ActiveCfg = Release|Any CPU
		{287ADE90-E330-47F4-82BC-FBFB11DE5250}.Release|Any CPU.Build.0 = Release|Any CPU
		{287ADE90-E330-47F4-82BC-FBFB11DE5250}.Release|x64.ActiveCfg = Release|Any CPU
		{287ADE90-E330-47F4-82BC-FBFB11DE5250}.Release|x64.Build.0 = Release|Any CPU
		{287ADE90-E330-47F4-82BC-FBFB11DE5250}.Release|x86.ActiveCfg = Release|Any CPU
		{287ADE90-E330-47F4-82BC-FBFB11DE5250}.Release|x86.Build.0 = Release|Any CPU
		{9C2CED48-7007-4D43-9B8E-12589BC1F3F6}.Debug|Any CPU.ActiveCfg = Debug|Any CPU
		{9C2CED48-7007-4D43-9B8E-12589BC1F3F6}.Debug|Any CPU.Build.0 = Debug|Any CPU
		{9C2CED48-7007-4D43-9B8E-12589BC1F3F6}.Debug|x64.ActiveCfg = Debug|Any CPU
		{9C2CED48-7007-4D43-9B8E-12589BC1F3F6}.Debug|x64.Build.0 = Debug|Any CPU
		{9C2CED48-7007-4D43-9B8E-12589BC1F3F6}.Debug|x86.ActiveCfg = Debug|Any CPU
		{9C2CED48-7007-4D43-9B8E-12589BC1F3F6}.Debug|x86.Build.0 = Debug|Any CPU
		{9C2CED48-7007-4D43-9B8E-12589BC1F3F6}.Release|Any CPU.ActiveCfg = Release|Any CPU
		{9C2CED48-7007-4D43-9B8E-12589BC1F3F6}.Release|Any CPU.Build.0 = Release|Any CPU
		{9C2CED48-7007-4D43-9B8E-12589BC1F3F6}.Release|x64.ActiveCfg = Release|Any CPU
		{9C2CED48-7007-4D43-9B8E-12589BC1F3F6}.Release|x64.Build.0 = Release|Any CPU
		{9C2CED48-7007-4D43-9B8E-12589BC1F3F6}.Release|x86.ActiveCfg = Release|Any CPU
		{9C2CED48-7007-4D43-9B8E-12589BC1F3F6}.Release|x86.Build.0 = Release|Any CPU
		{EA539B86-4487-47C8-9FEF-2BD98E336162}.Debug|Any CPU.ActiveCfg = Debug|Any CPU
		{EA539B86-4487-47C8-9FEF-2BD98E336162}.Debug|Any CPU.Build.0 = Debug|Any CPU
		{EA539B86-4487-47C8-9FEF-2BD98E336162}.Debug|x64.ActiveCfg = Debug|Any CPU
		{EA539B86-4487-47C8-9FEF-2BD98E336162}.Debug|x64.Build.0 = Debug|Any CPU
		{EA539B86-4487-47C8-9FEF-2BD98E336162}.Debug|x86.ActiveCfg = Debug|Any CPU
		{EA539B86-4487-47C8-9FEF-2BD98E336162}.Debug|x86.Build.0 = Debug|Any CPU
		{EA539B86-4487-47C8-9FEF-2BD98E336162}.Release|Any CPU.ActiveCfg = Release|Any CPU
		{EA539B86-4487-47C8-9FEF-2BD98E336162}.Release|Any CPU.Build.0 = Release|Any CPU
		{EA539B86-4487-47C8-9FEF-2BD98E336162}.Release|x64.ActiveCfg = Release|Any CPU
		{EA539B86-4487-47C8-9FEF-2BD98E336162}.Release|x64.Build.0 = Release|Any CPU
		{EA539B86-4487-47C8-9FEF-2BD98E336162}.Release|x86.ActiveCfg = Release|Any CPU
		{EA539B86-4487-47C8-9FEF-2BD98E336162}.Release|x86.Build.0 = Release|Any CPU
		{79E45481-62D8-4592-BAD3-40E38AAD9C37}.Debug|Any CPU.ActiveCfg = Debug|Any CPU
		{79E45481-62D8-4592-BAD3-40E38AAD9C37}.Debug|Any CPU.Build.0 = Debug|Any CPU
		{79E45481-62D8-4592-BAD3-40E38AAD9C37}.Debug|x64.ActiveCfg = Debug|Any CPU
		{79E45481-62D8-4592-BAD3-40E38AAD9C37}.Debug|x64.Build.0 = Debug|Any CPU
		{79E45481-62D8-4592-BAD3-40E38AAD9C37}.Debug|x86.ActiveCfg = Debug|Any CPU
		{79E45481-62D8-4592-BAD3-40E38AAD9C37}.Debug|x86.Build.0 = Debug|Any CPU
		{79E45481-62D8-4592-BAD3-40E38AAD9C37}.Release|Any CPU.ActiveCfg = Release|Any CPU
		{79E45481-62D8-4592-BAD3-40E38AAD9C37}.Release|Any CPU.Build.0 = Release|Any CPU
		{79E45481-62D8-4592-BAD3-40E38AAD9C37}.Release|x64.ActiveCfg = Release|Any CPU
		{79E45481-62D8-4592-BAD3-40E38AAD9C37}.Release|x64.Build.0 = Release|Any CPU
		{79E45481-62D8-4592-BAD3-40E38AAD9C37}.Release|x86.ActiveCfg = Release|Any CPU
		{79E45481-62D8-4592-BAD3-40E38AAD9C37}.Release|x86.Build.0 = Release|Any CPU
		{E13B19F6-E91A-46F5-89B3-14C313AD1995}.Debug|Any CPU.ActiveCfg = Debug|Any CPU
		{E13B19F6-E91A-46F5-89B3-14C313AD1995}.Debug|Any CPU.Build.0 = Debug|Any CPU
		{E13B19F6-E91A-46F5-89B3-14C313AD1995}.Debug|x64.ActiveCfg = Debug|Any CPU
		{E13B19F6-E91A-46F5-89B3-14C313AD1995}.Debug|x64.Build.0 = Debug|Any CPU
		{E13B19F6-E91A-46F5-89B3-14C313AD1995}.Debug|x86.ActiveCfg = Debug|Any CPU
		{E13B19F6-E91A-46F5-89B3-14C313AD1995}.Debug|x86.Build.0 = Debug|Any CPU
		{E13B19F6-E91A-46F5-89B3-14C313AD1995}.Release|Any CPU.ActiveCfg = Release|Any CPU
		{E13B19F6-E91A-46F5-89B3-14C313AD1995}.Release|Any CPU.Build.0 = Release|Any CPU
		{E13B19F6-E91A-46F5-89B3-14C313AD1995}.Release|x64.ActiveCfg = Release|Any CPU
		{E13B19F6-E91A-46F5-89B3-14C313AD1995}.Release|x64.Build.0 = Release|Any CPU
		{E13B19F6-E91A-46F5-89B3-14C313AD1995}.Release|x86.ActiveCfg = Release|Any CPU
		{E13B19F6-E91A-46F5-89B3-14C313AD1995}.Release|x86.Build.0 = Release|Any CPU
		{185E72F1-0A69-4579-8502-3A50C2DF0B04}.Debug|Any CPU.ActiveCfg = Debug|Any CPU
		{185E72F1-0A69-4579-8502-3A50C2DF0B04}.Debug|Any CPU.Build.0 = Debug|Any CPU
		{185E72F1-0A69-4579-8502-3A50C2DF0B04}.Debug|x64.ActiveCfg = Debug|Any CPU
		{185E72F1-0A69-4579-8502-3A50C2DF0B04}.Debug|x64.Build.0 = Debug|Any CPU
		{185E72F1-0A69-4579-8502-3A50C2DF0B04}.Debug|x86.ActiveCfg = Debug|Any CPU
		{185E72F1-0A69-4579-8502-3A50C2DF0B04}.Debug|x86.Build.0 = Debug|Any CPU
		{185E72F1-0A69-4579-8502-3A50C2DF0B04}.Release|Any CPU.ActiveCfg = Release|Any CPU
		{185E72F1-0A69-4579-8502-3A50C2DF0B04}.Release|Any CPU.Build.0 = Release|Any CPU
		{185E72F1-0A69-4579-8502-3A50C2DF0B04}.Release|x64.ActiveCfg = Release|Any CPU
		{185E72F1-0A69-4579-8502-3A50C2DF0B04}.Release|x64.Build.0 = Release|Any CPU
		{185E72F1-0A69-4579-8502-3A50C2DF0B04}.Release|x86.ActiveCfg = Release|Any CPU
		{185E72F1-0A69-4579-8502-3A50C2DF0B04}.Release|x86.Build.0 = Release|Any CPU
		{ED389674-A034-4C0D-BDD7-663F04EE8367}.Debug|Any CPU.ActiveCfg = Debug|Any CPU
		{ED389674-A034-4C0D-BDD7-663F04EE8367}.Debug|Any CPU.Build.0 = Debug|Any CPU
		{ED389674-A034-4C0D-BDD7-663F04EE8367}.Debug|x64.ActiveCfg = Debug|Any CPU
		{ED389674-A034-4C0D-BDD7-663F04EE8367}.Debug|x64.Build.0 = Debug|Any CPU
		{ED389674-A034-4C0D-BDD7-663F04EE8367}.Debug|x86.ActiveCfg = Debug|Any CPU
		{ED389674-A034-4C0D-BDD7-663F04EE8367}.Debug|x86.Build.0 = Debug|Any CPU
		{ED389674-A034-4C0D-BDD7-663F04EE8367}.Release|Any CPU.ActiveCfg = Release|Any CPU
		{ED389674-A034-4C0D-BDD7-663F04EE8367}.Release|Any CPU.Build.0 = Release|Any CPU
		{ED389674-A034-4C0D-BDD7-663F04EE8367}.Release|x64.ActiveCfg = Release|Any CPU
		{ED389674-A034-4C0D-BDD7-663F04EE8367}.Release|x64.Build.0 = Release|Any CPU
		{ED389674-A034-4C0D-BDD7-663F04EE8367}.Release|x86.ActiveCfg = Release|Any CPU
		{ED389674-A034-4C0D-BDD7-663F04EE8367}.Release|x86.Build.0 = Release|Any CPU
	EndGlobalSection
	GlobalSection(SolutionProperties) = preSolution
		HideSolutionNode = FALSE
	EndGlobalSection
	GlobalSection(NestedProjects) = preSolution
		{954B4DEC-C3E9-4FE3-975B-7407B9EA9825} = {827E0CD3-B72D-47B6-A68D-7590B98EB39B}
		{31C235C3-D8AB-4544-8F7D-0625E1C08208} = {827E0CD3-B72D-47B6-A68D-7590B98EB39B}
		{96BA5B34-3973-4E7E-8AC5-CD14F12E1051} = {827E0CD3-B72D-47B6-A68D-7590B98EB39B}
		{287ADE90-E330-47F4-82BC-FBFB11DE5250} = {827E0CD3-B72D-47B6-A68D-7590B98EB39B}
		{9C2CED48-7007-4D43-9B8E-12589BC1F3F6} = {827E0CD3-B72D-47B6-A68D-7590B98EB39B}
		{EA539B86-4487-47C8-9FEF-2BD98E336162} = {827E0CD3-B72D-47B6-A68D-7590B98EB39B}
		{79E45481-62D8-4592-BAD3-40E38AAD9C37} = {827E0CD3-B72D-47B6-A68D-7590B98EB39B}
		{E13B19F6-E91A-46F5-89B3-14C313AD1995} = {827E0CD3-B72D-47B6-A68D-7590B98EB39B}
		{185E72F1-0A69-4579-8502-3A50C2DF0B04} = {827E0CD3-B72D-47B6-A68D-7590B98EB39B}
		{ED389674-A034-4C0D-BDD7-663F04EE8367} = {827E0CD3-B72D-47B6-A68D-7590B98EB39B}
	EndGlobalSection
EndGlobal
